
Microsoft Visual Studio Solution File, Format Version 12.00
# Visual Studio Version 17
VisualStudioVersion = 17.9.34723.18
MinimumVisualStudioVersion = 10.0.40219.1
Project("{FAE04EC0-301F-11D3-BF4B-00C04F79EFBC}") = "Najveca ocena u nizu", "Najveca ocena u nizu\Najveca ocena u nizu.csproj", "{578CE757-383C-4C2B-900F-4120E841808C}"
EndProject
Global
	GlobalSection(SolutionConfigurationPlatforms) = preSolution
		Debug|Any CPU = Debug|Any CPU
		Release|Any CPU = Release|Any CPU
	EndGlobalSection
	GlobalSection(ProjectConfigurationPlatforms) = postSolution
		{578CE757-383C-4C2B-900F-4120E841808C}.Debug|Any CPU.ActiveCfg = Debug|Any CPU
		{578CE757-383C-4C2B-900F-4120E841808C}.Debug|Any CPU.Build.0 = Debug|Any CPU
		{578CE757-383C-4C2B-900F-4120E841808C}.Release|Any CPU.ActiveCfg = Release|Any CPU
		{578CE757-383C-4C2B-900F-4120E841808C}.Release|Any CPU.Build.0 = Release|Any CPU
	EndGlobalSection
	GlobalSection(SolutionProperties) = preSolution
		HideSolutionNode = FALSE
	EndGlobalSection
	GlobalSection(ExtensibilityGlobals) = postSolution
		SolutionGuid = {D03AEF73-835D-4A2E-98B5-2D35B715C742}
	EndGlobalSection
EndGlobal
