
Microsoft Visual Studio Solution File, Format Version 12.00
# Visual Studio Version 17
VisualStudioVersion = 17.9.34723.18
MinimumVisualStudioVersion = 10.0.40219.1
Project("{FAE04EC0-301F-11D3-BF4B-00C04F79EFBC}") = "Sum67", "Sum67\Sum67.csproj", "{2E9D2172-C6D3-4298-81DB-5C40B7E9A78D}"
EndProject
Global
	GlobalSection(SolutionConfigurationPlatforms) = preSolution
		Debug|Any CPU = Debug|Any CPU
		Release|Any CPU = Release|Any CPU
	EndGlobalSection
	GlobalSection(ProjectConfigurationPlatforms) = postSolution
		{2E9D2172-C6D3-4298-81DB-5C40B7E9A78D}.Debug|Any CPU.ActiveCfg = Debug|Any CPU
		{2E9D2172-C6D3-4298-81DB-5C40B7E9A78D}.Debug|Any CPU.Build.0 = Debug|Any CPU
		{2E9D2172-C6D3-4298-81DB-5C40B7E9A78D}.Release|Any CPU.ActiveCfg = Release|Any CPU
		{2E9D2172-C6D3-4298-81DB-5C40B7E9A78D}.Release|Any CPU.Build.0 = Release|Any CPU
	EndGlobalSection
	GlobalSection(SolutionProperties) = preSolution
		HideSolutionNode = FALSE
	EndGlobalSection
	GlobalSection(ExtensibilityGlobals) = postSolution
		SolutionGuid = {1E24C76A-757E-4892-8D4F-809FB42193DD}
	EndGlobalSection
EndGlobal
