
Microsoft Visual Studio Solution File, Format Version 12.00
# Visual Studio Version 17
VisualStudioVersion = 17.9.34723.18
MinimumVisualStudioVersion = 10.0.40219.1
Project("{FAE04EC0-301F-11D3-BF4B-00C04F79EFBC}") = "MaxTriple", "MaxTriple\MaxTriple.csproj", "{094B7364-CA7F-4904-9F43-48491D6484F0}"
EndProject
Global
	GlobalSection(SolutionConfigurationPlatforms) = preSolution
		Debug|Any CPU = Debug|Any CPU
		Release|Any CPU = Release|Any CPU
	EndGlobalSection
	GlobalSection(ProjectConfigurationPlatforms) = postSolution
		{094B7364-CA7F-4904-9F43-48491D6484F0}.Debug|Any CPU.ActiveCfg = Debug|Any CPU
		{094B7364-CA7F-4904-9F43-48491D6484F0}.Debug|Any CPU.Build.0 = Debug|Any CPU
		{094B7364-CA7F-4904-9F43-48491D6484F0}.Release|Any CPU.ActiveCfg = Release|Any CPU
		{094B7364-CA7F-4904-9F43-48491D6484F0}.Release|Any CPU.Build.0 = Release|Any CPU
	EndGlobalSection
	GlobalSection(SolutionProperties) = preSolution
		HideSolutionNode = FALSE
	EndGlobalSection
	GlobalSection(ExtensibilityGlobals) = postSolution
		SolutionGuid = {15A732AE-17AF-4BB2-B09B-CB31E77A70B9}
	EndGlobalSection
EndGlobal
