
Microsoft Visual Studio Solution File, Format Version 12.00
# Visual Studio Version 17
VisualStudioVersion = 17.9.34723.18
MinimumVisualStudioVersion = 10.0.40219.1
Project("{FAE04EC0-301F-11D3-BF4B-00C04F79EFBC}") = "Mnozene elemenata u jedan", "Mnozene elemenata u jedan\Mnozene elemenata u jedan.csproj", "{0BF4680A-AAE1-4889-A153-161F0A447E5D}"
EndProject
Global
	GlobalSection(SolutionConfigurationPlatforms) = preSolution
		Debug|Any CPU = Debug|Any CPU
		Release|Any CPU = Release|Any CPU
	EndGlobalSection
	GlobalSection(ProjectConfigurationPlatforms) = postSolution
		{0BF4680A-AAE1-4889-A153-161F0A447E5D}.Debug|Any CPU.ActiveCfg = Debug|Any CPU
		{0BF4680A-AAE1-4889-A153-161F0A447E5D}.Debug|Any CPU.Build.0 = Debug|Any CPU
		{0BF4680A-AAE1-4889-A153-161F0A447E5D}.Release|Any CPU.ActiveCfg = Release|Any CPU
		{0BF4680A-AAE1-4889-A153-161F0A447E5D}.Release|Any CPU.Build.0 = Release|Any CPU
	EndGlobalSection
	GlobalSection(SolutionProperties) = preSolution
		HideSolutionNode = FALSE
	EndGlobalSection
	GlobalSection(ExtensibilityGlobals) = postSolution
		SolutionGuid = {65CEAFC9-0C26-419C-AB93-FEFAD75D0C58}
	EndGlobalSection
EndGlobal
