
Microsoft Visual Studio Solution File, Format Version 12.00
# Visual Studio Version 17
VisualStudioVersion = 17.9.34723.18
MinimumVisualStudioVersion = 10.0.40219.1
Project("{FAE04EC0-301F-11D3-BF4B-00C04F79EFBC}") = "Niz sa stopom", "Niz sa stopom\Niz sa stopom.csproj", "{0AB724E2-DC11-4174-9C8F-CCDD8004EEFC}"
EndProject
Global
	GlobalSection(SolutionConfigurationPlatforms) = preSolution
		Debug|Any CPU = Debug|Any CPU
		Release|Any CPU = Release|Any CPU
	EndGlobalSection
	GlobalSection(ProjectConfigurationPlatforms) = postSolution
		{0AB724E2-DC11-4174-9C8F-CCDD8004EEFC}.Debug|Any CPU.ActiveCfg = Debug|Any CPU
		{0AB724E2-DC11-4174-9C8F-CCDD8004EEFC}.Debug|Any CPU.Build.0 = Debug|Any CPU
		{0AB724E2-DC11-4174-9C8F-CCDD8004EEFC}.Release|Any CPU.ActiveCfg = Release|Any CPU
		{0AB724E2-DC11-4174-9C8F-CCDD8004EEFC}.Release|Any CPU.Build.0 = Release|Any CPU
	EndGlobalSection
	GlobalSection(SolutionProperties) = preSolution
		HideSolutionNode = FALSE
	EndGlobalSection
	GlobalSection(ExtensibilityGlobals) = postSolution
		SolutionGuid = {042F78F3-887C-4337-A13C-92565243FFF5}
	EndGlobalSection
EndGlobal
