
Microsoft Visual Studio Solution File, Format Version 12.00
# Visual Studio Version 17
VisualStudioVersion = 17.9.34723.18
MinimumVisualStudioVersion = 10.0.40219.1
Project("{FAE04EC0-301F-11D3-BF4B-00C04F79EFBC}") = "Make ends", "Make ends\Make ends.csproj", "{0CA78774-D2B3-4427-8360-D09D6AD861C0}"
EndProject
Global
	GlobalSection(SolutionConfigurationPlatforms) = preSolution
		Debug|Any CPU = Debug|Any CPU
		Release|Any CPU = Release|Any CPU
	EndGlobalSection
	GlobalSection(ProjectConfigurationPlatforms) = postSolution
		{0CA78774-D2B3-4427-8360-D09D6AD861C0}.Debug|Any CPU.ActiveCfg = Debug|Any CPU
		{0CA78774-D2B3-4427-8360-D09D6AD861C0}.Debug|Any CPU.Build.0 = Debug|Any CPU
		{0CA78774-D2B3-4427-8360-D09D6AD861C0}.Release|Any CPU.ActiveCfg = Release|Any CPU
		{0CA78774-D2B3-4427-8360-D09D6AD861C0}.Release|Any CPU.Build.0 = Release|Any CPU
	EndGlobalSection
	GlobalSection(SolutionProperties) = preSolution
		HideSolutionNode = FALSE
	EndGlobalSection
	GlobalSection(ExtensibilityGlobals) = postSolution
		SolutionGuid = {F9914D42-623E-4BF1-959F-38C244B74A01}
	EndGlobalSection
EndGlobal
