
Microsoft Visual Studio Solution File, Format Version 12.00
# Visual Studio Version 17
VisualStudioVersion = 17.9.34723.18
MinimumVisualStudioVersion = 10.0.40219.1
Project("{FAE04EC0-301F-11D3-BF4B-00C04F79EFBC}") = "Metod pravljenja niza", "Metod pravljenja niza\Metod pravljenja niza.csproj", "{E0F92C08-F988-4509-A93D-AF09FEF520F8}"
EndProject
Global
	GlobalSection(SolutionConfigurationPlatforms) = preSolution
		Debug|Any CPU = Debug|Any CPU
		Release|Any CPU = Release|Any CPU
	EndGlobalSection
	GlobalSection(ProjectConfigurationPlatforms) = postSolution
		{E0F92C08-F988-4509-A93D-AF09FEF520F8}.Debug|Any CPU.ActiveCfg = Debug|Any CPU
		{E0F92C08-F988-4509-A93D-AF09FEF520F8}.Debug|Any CPU.Build.0 = Debug|Any CPU
		{E0F92C08-F988-4509-A93D-AF09FEF520F8}.Release|Any CPU.ActiveCfg = Release|Any CPU
		{E0F92C08-F988-4509-A93D-AF09FEF520F8}.Release|Any CPU.Build.0 = Release|Any CPU
	EndGlobalSection
	GlobalSection(SolutionProperties) = preSolution
		HideSolutionNode = FALSE
	EndGlobalSection
	GlobalSection(ExtensibilityGlobals) = postSolution
		SolutionGuid = {37F1F830-D855-4CBD-848E-C09DE0A0E4EF}
	EndGlobalSection
EndGlobal
