
Microsoft Visual Studio Solution File, Format Version 12.00
# Visual Studio Version 17
VisualStudioVersion = 17.9.34723.18
MinimumVisualStudioVersion = 10.0.40219.1
Project("{FAE04EC0-301F-11D3-BF4B-00C04F79EFBC}") = "Mnozimo elemente niza", "Mnozimo elemente niza\Mnozimo elemente niza.csproj", "{26ADBFE1-66E6-44C9-90F0-AA4A85A97536}"
EndProject
Global
	GlobalSection(SolutionConfigurationPlatforms) = preSolution
		Debug|Any CPU = Debug|Any CPU
		Release|Any CPU = Release|Any CPU
	EndGlobalSection
	GlobalSection(ProjectConfigurationPlatforms) = postSolution
		{26ADBFE1-66E6-44C9-90F0-AA4A85A97536}.Debug|Any CPU.ActiveCfg = Debug|Any CPU
		{26ADBFE1-66E6-44C9-90F0-AA4A85A97536}.Debug|Any CPU.Build.0 = Debug|Any CPU
		{26ADBFE1-66E6-44C9-90F0-AA4A85A97536}.Release|Any CPU.ActiveCfg = Release|Any CPU
		{26ADBFE1-66E6-44C9-90F0-AA4A85A97536}.Release|Any CPU.Build.0 = Release|Any CPU
	EndGlobalSection
	GlobalSection(SolutionProperties) = preSolution
		HideSolutionNode = FALSE
	EndGlobalSection
	GlobalSection(ExtensibilityGlobals) = postSolution
		SolutionGuid = {CC47D179-3034-4442-A830-042B70CF6DCD}
	EndGlobalSection
EndGlobal
