
Microsoft Visual Studio Solution File, Format Version 12.00
# Visual Studio Version 17
VisualStudioVersion = 17.9.34723.18
MinimumVisualStudioVersion = 10.0.40219.1
Project("{FAE04EC0-301F-11D3-BF4B-00C04F79EFBC}") = "Ucitavanje i ispis niza", "Ucitavanje i ispis niza\Ucitavanje i ispis niza.csproj", "{81D221E2-36E2-40A5-80DB-BD68E2876BC3}"
EndProject
Global
	GlobalSection(SolutionConfigurationPlatforms) = preSolution
		Debug|Any CPU = Debug|Any CPU
		Release|Any CPU = Release|Any CPU
	EndGlobalSection
	GlobalSection(ProjectConfigurationPlatforms) = postSolution
		{81D221E2-36E2-40A5-80DB-BD68E2876BC3}.Debug|Any CPU.ActiveCfg = Debug|Any CPU
		{81D221E2-36E2-40A5-80DB-BD68E2876BC3}.Debug|Any CPU.Build.0 = Debug|Any CPU
		{81D221E2-36E2-40A5-80DB-BD68E2876BC3}.Release|Any CPU.ActiveCfg = Release|Any CPU
		{81D221E2-36E2-40A5-80DB-BD68E2876BC3}.Release|Any CPU.Build.0 = Release|Any CPU
	EndGlobalSection
	GlobalSection(SolutionProperties) = preSolution
		HideSolutionNode = FALSE
	EndGlobalSection
	GlobalSection(ExtensibilityGlobals) = postSolution
		SolutionGuid = {939C809B-7838-46C2-B226-264452BC6F56}
	EndGlobalSection
EndGlobal
